// !$*UTF8*$!
{
	archiveVersion = 1;
	classes = {
	};
	objectVersion = 46;
	objects = {

/* Begin PBXBuildFile section */
		F8A40F411EF700F000A16FD1 /* AppDelegate.swift in Sources */ = {isa = PBXBuildFile; fileRef = F8A40F401EF700F000A16FD1 /* AppDelegate.swift */; };
		F8A40F431EF700F000A16FD1 /* GameScene.sks in Resources */ = {isa = PBXBuildFile; fileRef = F8A40F421EF700F000A16FD1 /* GameScene.sks */; };
		F8A40F451EF700F000A16FD1 /* Actions.sks in Resources */ = {isa = PBXBuildFile; fileRef = F8A40F441EF700F000A16FD1 /* Actions.sks */; };
		F8A40F471EF700F000A16FD1 /* GameScene.swift in Sources */ = {isa = PBXBuildFile; fileRef = F8A40F461EF700F000A16FD1 /* GameScene.swift */; };
		F8A40F491EF700F000A16FD1 /* GameViewController.swift in Sources */ = {isa = PBXBuildFile; fileRef = F8A40F481EF700F000A16FD1 /* GameViewController.swift */; };
		F8A40F4C1EF700F000A16FD1 /* Main.storyboard in Resources */ = {isa = PBXBuildFile; fileRef = F8A40F4A1EF700F000A16FD1 /* Main.storyboard */; };
		F8A40F4E1EF700F000A16FD1 /* Assets.xcassets in Resources */ = {isa = PBXBuildFile; fileRef = F8A40F4D1EF700F000A16FD1 /* Assets.xcassets */; };
		F8A40F511EF700F000A16FD1 /* LaunchScreen.storyboard in Resources */ = {isa = PBXBuildFile; fileRef = F8A40F4F1EF700F000A16FD1 /* LaunchScreen.storyboard */; };
		F8A40F5C1EF700F000A16FD1 /* JackTheGiantTests.swift in Sources */ = {isa = PBXBuildFile; fileRef = F8A40F5B1EF700F000A16FD1 /* JackTheGiantTests.swift */; };
		F8A40F671EF700F000A16FD1 /* JackTheGiantUITests.swift in Sources */ = {isa = PBXBuildFile; fileRef = F8A40F661EF700F000A16FD1 /* JackTheGiantUITests.swift */; };
		F8A40FA01EF7020200A16FD1 /* Pause Menu.png in Resources */ = {isa = PBXBuildFile; fileRef = F8A40F761EF7020200A16FD1 /* Pause Menu.png */; };
		F8A40FA11EF7020200A16FD1 /* Quit Button 2.png in Resources */ = {isa = PBXBuildFile; fileRef = F8A40F771EF7020200A16FD1 /* Quit Button 2.png */; };
		F8A40FA21EF7020200A16FD1 /* Resume Button.png in Resources */ = {isa = PBXBuildFile; fileRef = F8A40F781EF7020200A16FD1 /* Resume Button.png */; };
		F8A40FA31EF7020200A16FD1 /* Show Score.png in Resources */ = {isa = PBXBuildFile; fileRef = F8A40F791EF7020200A16FD1 /* Show Score.png */; };
		F8A40FA41EF7020300A16FD1 /* Coin.png in Resources */ = {isa = PBXBuildFile; fileRef = F8A40F7B1EF7020200A16FD1 /* Coin.png */; };
		F8A40FA51EF7020300A16FD1 /* Life.png in Resources */ = {isa = PBXBuildFile; fileRef = F8A40F7C1EF7020200A16FD1 /* Life.png */; };
		F8A40FA61EF7020300A16FD1 /* Cloud 1.png in Resources */ = {isa = PBXBuildFile; fileRef = F8A40F7E1EF7020200A16FD1 /* Cloud 1.png */; };
		F8A40FA71EF7020300A16FD1 /* Cloud 2.png in Resources */ = {isa = PBXBuildFile; fileRef = F8A40F7F1EF7020200A16FD1 /* Cloud 2.png */; };
		F8A40FA81EF7020300A16FD1 /* Cloud 3.png in Resources */ = {isa = PBXBuildFile; fileRef = F8A40F801EF7020200A16FD1 /* Cloud 3.png */; };
		F8A40FA91EF7020300A16FD1 /* Dark Cloud.png in Resources */ = {isa = PBXBuildFile; fileRef = F8A40F811EF7020200A16FD1 /* Dark Cloud.png */; };
		F8A40FAA1EF7020300A16FD1 /* blow.ttf in Resources */ = {isa = PBXBuildFile; fileRef = F8A40F831EF7020200A16FD1 /* blow.ttf */; };
		F8A40FAB1EF7020300A16FD1 /* Background music.mp3 in Resources */ = {isa = PBXBuildFile; fileRef = F8A40F851EF7020200A16FD1 /* Background music.mp3 */; };
		F8A40FAC1EF7020300A16FD1 /* Click Sound.wav in Resources */ = {isa = PBXBuildFile; fileRef = F8A40F861EF7020200A16FD1 /* Click Sound.wav */; };
		F8A40FAD1EF7020300A16FD1 /* Coin Sound.wav in Resources */ = {isa = PBXBuildFile; fileRef = F8A40F871EF7020200A16FD1 /* Coin Sound.wav */; };
		F8A40FAE1EF7020300A16FD1 /* Life Sound.wav in Resources */ = {isa = PBXBuildFile; fileRef = F8A40F881EF7020200A16FD1 /* Life Sound.wav */; };
		F8A40FAF1EF7020300A16FD1 /* Game BG.png in Resources */ = {isa = PBXBuildFile; fileRef = F8A40F8A1EF7020200A16FD1 /* Game BG.png */; };
		F8A40FB01EF7020300A16FD1 /* Highscore BG.png in Resources */ = {isa = PBXBuildFile; fileRef = F8A40F8B1EF7020200A16FD1 /* Highscore BG.png */; };
		F8A40FB11EF7020300A16FD1 /* Menu BG.png in Resources */ = {isa = PBXBuildFile; fileRef = F8A40F8C1EF7020200A16FD1 /* Menu BG.png */; };
		F8A40FB21EF7020300A16FD1 /* Options BG.png in Resources */ = {isa = PBXBuildFile; fileRef = F8A40F8D1EF7020200A16FD1 /* Options BG.png */; };
		F8A40FB31EF7020300A16FD1 /* Pause Button.png in Resources */ = {isa = PBXBuildFile; fileRef = F8A40F901EF7020200A16FD1 /* Pause Button.png */; };
		F8A40FB41EF7020300A16FD1 /* Ready.png in Resources */ = {isa = PBXBuildFile; fileRef = F8A40F911EF7020200A16FD1 /* Ready.png */; };
		F8A40FB51EF7020300A16FD1 /* Score.png in Resources */ = {isa = PBXBuildFile; fileRef = F8A40F921EF7020200A16FD1 /* Score.png */; };
		F8A40FB61EF7020300A16FD1 /* Back Button.png in Resources */ = {isa = PBXBuildFile; fileRef = F8A40F941EF7020200A16FD1 /* Back Button.png */; };
		F8A40FB71EF7020300A16FD1 /* Check Sign.png in Resources */ = {isa = PBXBuildFile; fileRef = F8A40F951EF7020200A16FD1 /* Check Sign.png */; };
		F8A40FB81EF7020300A16FD1 /* Easy Button.png in Resources */ = {isa = PBXBuildFile; fileRef = F8A40F961EF7020200A16FD1 /* Easy Button.png */; };
		F8A40FB91EF7020300A16FD1 /* Hard Button.png in Resources */ = {isa = PBXBuildFile; fileRef = F8A40F971EF7020200A16FD1 /* Hard Button.png */; };
		F8A40FBA1EF7020300A16FD1 /* Medium Button.png in Resources */ = {isa = PBXBuildFile; fileRef = F8A40F981EF7020200A16FD1 /* Medium Button.png */; };
		F8A40FBB1EF7020300A16FD1 /* Highscore Button.png in Resources */ = {isa = PBXBuildFile; fileRef = F8A40F9A1EF7020200A16FD1 /* Highscore Button.png */; };
		F8A40FBC1EF7020300A16FD1 /* Music Off Button.png in Resources */ = {isa = PBXBuildFile; fileRef = F8A40F9B1EF7020200A16FD1 /* Music Off Button.png */; };
		F8A40FBD1EF7020300A16FD1 /* Music On Button.png in Resources */ = {isa = PBXBuildFile; fileRef = F8A40F9C1EF7020200A16FD1 /* Music On Button.png */; };
		F8A40FBE1EF7020300A16FD1 /* Options Button.png in Resources */ = {isa = PBXBuildFile; fileRef = F8A40F9D1EF7020200A16FD1 /* Options Button.png */; };
		F8A40FBF1EF7020300A16FD1 /* Quit Button.png in Resources */ = {isa = PBXBuildFile; fileRef = F8A40F9E1EF7020200A16FD1 /* Quit Button.png */; };
		F8A40FC01EF7020300A16FD1 /* Start Game Button.png in Resources */ = {isa = PBXBuildFile; fileRef = F8A40F9F1EF7020200A16FD1 /* Start Game Button.png */; };
		F8A40FC31EF702CF00A16FD1 /* GameplayScene.sks in Resources */ = {isa = PBXBuildFile; fileRef = F8A40FC21EF702CF00A16FD1 /* GameplayScene.sks */; };
		F8A40FC71EF724C500A16FD1 /* GameplayScene.swift in Sources */ = {isa = PBXBuildFile; fileRef = F8A40FC61EF724C500A16FD1 /* GameplayScene.swift */; };
		F8A40FC91EF7259C00A16FD1 /* Player.atlas in Resources */ = {isa = PBXBuildFile; fileRef = F8A40FC81EF7259C00A16FD1 /* Player.atlas */; };
		F8A40FCC1EF7300400A16FD1 /* Player.swift in Sources */ = {isa = PBXBuildFile; fileRef = F8A40FCB1EF7300400A16FD1 /* Player.swift */; };
		F8A40FE81EF73BFC00A16FD1 /* Player 1.png in Resources */ = {isa = PBXBuildFile; fileRef = F8A40FE01EF73BFB00A16FD1 /* Player 1.png */; };
		F8A40FE91EF73BFC00A16FD1 /* Player 2.png in Resources */ = {isa = PBXBuildFile; fileRef = F8A40FE11EF73BFC00A16FD1 /* Player 2.png */; };
		F8A40FEA1EF73BFC00A16FD1 /* Player 3.png in Resources */ = {isa = PBXBuildFile; fileRef = F8A40FE21EF73BFC00A16FD1 /* Player 3.png */; };
		F8A40FEB1EF73BFC00A16FD1 /* Player 4.png in Resources */ = {isa = PBXBuildFile; fileRef = F8A40FE31EF73BFC00A16FD1 /* Player 4.png */; };
		F8A40FEC1EF73BFC00A16FD1 /* Player 5.png in Resources */ = {isa = PBXBuildFile; fileRef = F8A40FE41EF73BFC00A16FD1 /* Player 5.png */; };
		F8A40FED1EF73BFC00A16FD1 /* Player 6.png in Resources */ = {isa = PBXBuildFile; fileRef = F8A40FE51EF73BFC00A16FD1 /* Player 6.png */; };
		F8A40FEE1EF73BFC00A16FD1 /* Player 7.png in Resources */ = {isa = PBXBuildFile; fileRef = F8A40FE61EF73BFC00A16FD1 /* Player 7.png */; };
		F8A40FEF1EF73BFC00A16FD1 /* Player 8.png in Resources */ = {isa = PBXBuildFile; fileRef = F8A40FE71EF73BFC00A16FD1 /* Player 8.png */; };
/* End PBXBuildFile section */

/* Begin PBXContainerItemProxy section */
		F8A40F581EF700F000A16FD1 /* PBXContainerItemProxy */ = {
			isa = PBXContainerItemProxy;
			containerPortal = F8A40F351EF700F000A16FD1 /* Project object */;
			proxyType = 1;
			remoteGlobalIDString = F8A40F3C1EF700F000A16FD1;
			remoteInfo = JackTheGiant;
		};
		F8A40F631EF700F000A16FD1 /* PBXContainerItemProxy */ = {
			isa = PBXContainerItemProxy;
			containerPortal = F8A40F351EF700F000A16FD1 /* Project object */;
			proxyType = 1;
			remoteGlobalIDString = F8A40F3C1EF700F000A16FD1;
			remoteInfo = JackTheGiant;
		};
/* End PBXContainerItemProxy section */

/* Begin PBXFileReference section */
		F8A40F3D1EF700F000A16FD1 /* JackTheGiant.app */ = {isa = PBXFileReference; explicitFileType = wrapper.application; includeInIndex = 0; path = JackTheGiant.app; sourceTree = BUILT_PRODUCTS_DIR; };
		F8A40F401EF700F000A16FD1 /* AppDelegate.swift */ = {isa = PBXFileReference; lastKnownFileType = sourcecode.swift; path = AppDelegate.swift; sourceTree = "<group>"; };
		F8A40F421EF700F000A16FD1 /* GameScene.sks */ = {isa = PBXFileReference; lastKnownFileType = file.sks; path = GameScene.sks; sourceTree = "<group>"; };
		F8A40F441EF700F000A16FD1 /* Actions.sks */ = {isa = PBXFileReference; lastKnownFileType = file.sks; path = Actions.sks; sourceTree = "<group>"; };
		F8A40F461EF700F000A16FD1 /* GameScene.swift */ = {isa = PBXFileReference; lastKnownFileType = sourcecode.swift; path = GameScene.swift; sourceTree = "<group>"; };
		F8A40F481EF700F000A16FD1 /* GameViewController.swift */ = {isa = PBXFileReference; lastKnownFileType = sourcecode.swift; path = GameViewController.swift; sourceTree = "<group>"; };
		F8A40F4B1EF700F000A16FD1 /* Base */ = {isa = PBXFileReference; lastKnownFileType = file.storyboard; name = Base; path = Base.lproj/Main.storyboard; sourceTree = "<group>"; };
		F8A40F4D1EF700F000A16FD1 /* Assets.xcassets */ = {isa = PBXFileReference; lastKnownFileType = folder.assetcatalog; path = Assets.xcassets; sourceTree = "<group>"; };
		F8A40F501EF700F000A16FD1 /* Base */ = {isa = PBXFileReference; lastKnownFileType = file.storyboard; name = Base; path = Base.lproj/LaunchScreen.storyboard; sourceTree = "<group>"; };
		F8A40F521EF700F000A16FD1 /* Info.plist */ = {isa = PBXFileReference; lastKnownFileType = text.plist.xml; path = Info.plist; sourceTree = "<group>"; };
		F8A40F571EF700F000A16FD1 /* JackTheGiantTests.xctest */ = {isa = PBXFileReference; explicitFileType = wrapper.cfbundle; includeInIndex = 0; path = JackTheGiantTests.xctest; sourceTree = BUILT_PRODUCTS_DIR; };
		F8A40F5B1EF700F000A16FD1 /* JackTheGiantTests.swift */ = {isa = PBXFileReference; lastKnownFileType = sourcecode.swift; path = JackTheGiantTests.swift; sourceTree = "<group>"; };
		F8A40F5D1EF700F000A16FD1 /* Info.plist */ = {isa = PBXFileReference; lastKnownFileType = text.plist.xml; path = Info.plist; sourceTree = "<group>"; };
		F8A40F621EF700F000A16FD1 /* JackTheGiantUITests.xctest */ = {isa = PBXFileReference; explicitFileType = wrapper.cfbundle; includeInIndex = 0; path = JackTheGiantUITests.xctest; sourceTree = BUILT_PRODUCTS_DIR; };
		F8A40F661EF700F000A16FD1 /* JackTheGiantUITests.swift */ = {isa = PBXFileReference; lastKnownFileType = sourcecode.swift; path = JackTheGiantUITests.swift; sourceTree = "<group>"; };
		F8A40F681EF700F000A16FD1 /* Info.plist */ = {isa = PBXFileReference; lastKnownFileType = text.plist.xml; path = Info.plist; sourceTree = "<group>"; };
		F8A40F761EF7020200A16FD1 /* Pause Menu.png */ = {isa = PBXFileReference; lastKnownFileType = image.png; path = "Pause Menu.png"; sourceTree = "<group>"; };
		F8A40F771EF7020200A16FD1 /* Quit Button 2.png */ = {isa = PBXFileReference; lastKnownFileType = image.png; path = "Quit Button 2.png"; sourceTree = "<group>"; };
		F8A40F781EF7020200A16FD1 /* Resume Button.png */ = {isa = PBXFileReference; lastKnownFileType = image.png; path = "Resume Button.png"; sourceTree = "<group>"; };
		F8A40F791EF7020200A16FD1 /* Show Score.png */ = {isa = PBXFileReference; lastKnownFileType = image.png; path = "Show Score.png"; sourceTree = "<group>"; };
		F8A40F7B1EF7020200A16FD1 /* Coin.png */ = {isa = PBXFileReference; lastKnownFileType = image.png; path = Coin.png; sourceTree = "<group>"; };
		F8A40F7C1EF7020200A16FD1 /* Life.png */ = {isa = PBXFileReference; lastKnownFileType = image.png; path = Life.png; sourceTree = "<group>"; };
		F8A40F7E1EF7020200A16FD1 /* Cloud 1.png */ = {isa = PBXFileReference; lastKnownFileType = image.png; path = "Cloud 1.png"; sourceTree = "<group>"; };
		F8A40F7F1EF7020200A16FD1 /* Cloud 2.png */ = {isa = PBXFileReference; lastKnownFileType = image.png; path = "Cloud 2.png"; sourceTree = "<group>"; };
		F8A40F801EF7020200A16FD1 /* Cloud 3.png */ = {isa = PBXFileReference; lastKnownFileType = image.png; path = "Cloud 3.png"; sourceTree = "<group>"; };
		F8A40F811EF7020200A16FD1 /* Dark Cloud.png */ = {isa = PBXFileReference; lastKnownFileType = image.png; path = "Dark Cloud.png"; sourceTree = "<group>"; };
		F8A40F831EF7020200A16FD1 /* blow.ttf */ = {isa = PBXFileReference; lastKnownFileType = file; path = blow.ttf; sourceTree = "<group>"; };
		F8A40F851EF7020200A16FD1 /* Background music.mp3 */ = {isa = PBXFileReference; lastKnownFileType = audio.mp3; path = "Background music.mp3"; sourceTree = "<group>"; };
		F8A40F861EF7020200A16FD1 /* Click Sound.wav */ = {isa = PBXFileReference; lastKnownFileType = audio.wav; path = "Click Sound.wav"; sourceTree = "<group>"; };
		F8A40F871EF7020200A16FD1 /* Coin Sound.wav */ = {isa = PBXFileReference; lastKnownFileType = audio.wav; path = "Coin Sound.wav"; sourceTree = "<group>"; };
		F8A40F881EF7020200A16FD1 /* Life Sound.wav */ = {isa = PBXFileReference; lastKnownFileType = audio.wav; path = "Life Sound.wav"; sourceTree = "<group>"; };
		F8A40F8A1EF7020200A16FD1 /* Game BG.png */ = {isa = PBXFileReference; lastKnownFileType = image.png; path = "Game BG.png"; sourceTree = "<group>"; };
		F8A40F8B1EF7020200A16FD1 /* Highscore BG.png */ = {isa = PBXFileReference; lastKnownFileType = image.png; path = "Highscore BG.png"; sourceTree = "<group>"; };
		F8A40F8C1EF7020200A16FD1 /* Menu BG.png */ = {isa = PBXFileReference; lastKnownFileType = image.png; path = "Menu BG.png"; sourceTree = "<group>"; };
		F8A40F8D1EF7020200A16FD1 /* Options BG.png */ = {isa = PBXFileReference; lastKnownFileType = image.png; path = "Options BG.png"; sourceTree = "<group>"; };
		F8A40F901EF7020200A16FD1 /* Pause Button.png */ = {isa = PBXFileReference; lastKnownFileType = image.png; path = "Pause Button.png"; sourceTree = "<group>"; };
		F8A40F911EF7020200A16FD1 /* Ready.png */ = {isa = PBXFileReference; lastKnownFileType = image.png; path = Ready.png; sourceTree = "<group>"; };
		F8A40F921EF7020200A16FD1 /* Score.png */ = {isa = PBXFileReference; lastKnownFileType = image.png; path = Score.png; sourceTree = "<group>"; };
		F8A40F941EF7020200A16FD1 /* Back Button.png */ = {isa = PBXFileReference; lastKnownFileType = image.png; path = "Back Button.png"; sourceTree = "<group>"; };
		F8A40F951EF7020200A16FD1 /* Check Sign.png */ = {isa = PBXFileReference; lastKnownFileType = image.png; path = "Check Sign.png"; sourceTree = "<group>"; };
		F8A40F961EF7020200A16FD1 /* Easy Button.png */ = {isa = PBXFileReference; lastKnownFileType = image.png; path = "Easy Button.png"; sourceTree = "<group>"; };
		F8A40F971EF7020200A16FD1 /* Hard Button.png */ = {isa = PBXFileReference; lastKnownFileType = image.png; path = "Hard Button.png"; sourceTree = "<group>"; };
		F8A40F981EF7020200A16FD1 /* Medium Button.png */ = {isa = PBXFileReference; lastKnownFileType = image.png; path = "Medium Button.png"; sourceTree = "<group>"; };
		F8A40F9A1EF7020200A16FD1 /* Highscore Button.png */ = {isa = PBXFileReference; lastKnownFileType = image.png; path = "Highscore Button.png"; sourceTree = "<group>"; };
		F8A40F9B1EF7020200A16FD1 /* Music Off Button.png */ = {isa = PBXFileReference; lastKnownFileType = image.png; path = "Music Off Button.png"; sourceTree = "<group>"; };
		F8A40F9C1EF7020200A16FD1 /* Music On Button.png */ = {isa = PBXFileReference; lastKnownFileType = image.png; path = "Music On Button.png"; sourceTree = "<group>"; };
		F8A40F9D1EF7020200A16FD1 /* Options Button.png */ = {isa = PBXFileReference; lastKnownFileType = image.png; path = "Options Button.png"; sourceTree = "<group>"; };
		F8A40F9E1EF7020200A16FD1 /* Quit Button.png */ = {isa = PBXFileReference; lastKnownFileType = image.png; path = "Quit Button.png"; sourceTree = "<group>"; };
		F8A40F9F1EF7020200A16FD1 /* Start Game Button.png */ = {isa = PBXFileReference; lastKnownFileType = image.png; path = "Start Game Button.png"; sourceTree = "<group>"; };
		F8A40FC21EF702CF00A16FD1 /* GameplayScene.sks */ = {isa = PBXFileReference; lastKnownFileType = file.sks; path = GameplayScene.sks; sourceTree = "<group>"; };
		F8A40FC61EF724C500A16FD1 /* GameplayScene.swift */ = {isa = PBXFileReference; fileEncoding = 4; lastKnownFileType = sourcecode.swift; path = GameplayScene.swift; sourceTree = "<group>"; };
		F8A40FC81EF7259C00A16FD1 /* Player.atlas */ = {isa = PBXFileReference; lastKnownFileType = folder.skatlas; path = Player.atlas; sourceTree = "<group>"; };
		F8A40FCB1EF7300400A16FD1 /* Player.swift */ = {isa = PBXFileReference; fileEncoding = 4; lastKnownFileType = sourcecode.swift; path = Player.swift; sourceTree = "<group>"; };
		F8A40FE01EF73BFB00A16FD1 /* Player 1.png */ = {isa = PBXFileReference; lastKnownFileType = image.png; name = "Player 1.png"; path = "8 - Buttons/Player 1.png"; sourceTree = "<group>"; };
		F8A40FE11EF73BFC00A16FD1 /* Player 2.png */ = {isa = PBXFileReference; lastKnownFileType = image.png; name = "Player 2.png"; path = "8 - Buttons/Player 2.png"; sourceTree = "<group>"; };
		F8A40FE21EF73BFC00A16FD1 /* Player 3.png */ = {isa = PBXFileReference; lastKnownFileType = image.png; name = "Player 3.png"; path = "8 - Buttons/Player 3.png"; sourceTree = "<group>"; };
		F8A40FE31EF73BFC00A16FD1 /* Player 4.png */ = {isa = PBXFileReference; lastKnownFileType = image.png; name = "Player 4.png"; path = "8 - Buttons/Player 4.png"; sourceTree = "<group>"; };
		F8A40FE41EF73BFC00A16FD1 /* Player 5.png */ = {isa = PBXFileReference; lastKnownFileType = image.png; name = "Player 5.png"; path = "8 - Buttons/Player 5.png"; sourceTree = "<group>"; };
		F8A40FE51EF73BFC00A16FD1 /* Player 6.png */ = {isa = PBXFileReference; lastKnownFileType = image.png; name = "Player 6.png"; path = "8 - Buttons/Player 6.png"; sourceTree = "<group>"; };
		F8A40FE61EF73BFC00A16FD1 /* Player 7.png */ = {isa = PBXFileReference; lastKnownFileType = image.png; name = "Player 7.png"; path = "8 - Buttons/Player 7.png"; sourceTree = "<group>"; };
		F8A40FE71EF73BFC00A16FD1 /* Player 8.png */ = {isa = PBXFileReference; lastKnownFileType = image.png; name = "Player 8.png"; path = "8 - Buttons/Player 8.png"; sourceTree = "<group>"; };
/* End PBXFileReference section */

/* Begin PBXFrameworksBuildPhase section */
		F8A40F3A1EF700F000A16FD1 /* Frameworks */ = {
			isa = PBXFrameworksBuildPhase;
			buildActionMask = 2147483647;
			files = (
			);
			runOnlyForDeploymentPostprocessing = 0;
		};
		F8A40F541EF700F000A16FD1 /* Frameworks */ = {
			isa = PBXFrameworksBuildPhase;
			buildActionMask = 2147483647;
			files = (
			);
			runOnlyForDeploymentPostprocessing = 0;
		};
		F8A40F5F1EF700F000A16FD1 /* Frameworks */ = {
			isa = PBXFrameworksBuildPhase;
			buildActionMask = 2147483647;
			files = (
			);
			runOnlyForDeploymentPostprocessing = 0;
		};
/* End PBXFrameworksBuildPhase section */

/* Begin PBXGroup section */
		F8A40F341EF700F000A16FD1 = {
			isa = PBXGroup;
			children = (
				F8A40FC41EF7246400A16FD1 /* Game Classes */,
				F8A40F3F1EF700F000A16FD1 /* JackTheGiant */,
				F8A40FC11EF702A100A16FD1 /* Scenes */,
				F8A40FC21EF702CF00A16FD1 /* GameplayScene.sks */,
				F8A40F741EF7019D00A16FD1 /* Assets */,
				F8A40F5A1EF700F000A16FD1 /* JackTheGiantTests */,
				F8A40F651EF700F000A16FD1 /* JackTheGiantUITests */,
				F8A40F3E1EF700F000A16FD1 /* Products */,
			);
			sourceTree = "<group>";
		};
		F8A40F3E1EF700F000A16FD1 /* Products */ = {
			isa = PBXGroup;
			children = (
				F8A40F3D1EF700F000A16FD1 /* JackTheGiant.app */,
				F8A40F571EF700F000A16FD1 /* JackTheGiantTests.xctest */,
				F8A40F621EF700F000A16FD1 /* JackTheGiantUITests.xctest */,
			);
			name = Products;
			sourceTree = "<group>";
		};
		F8A40F3F1EF700F000A16FD1 /* JackTheGiant */ = {
			isa = PBXGroup;
			children = (
				F8A40F401EF700F000A16FD1 /* AppDelegate.swift */,
				F8A40F421EF700F000A16FD1 /* GameScene.sks */,
				F8A40F441EF700F000A16FD1 /* Actions.sks */,
				F8A40F461EF700F000A16FD1 /* GameScene.swift */,
				F8A40F481EF700F000A16FD1 /* GameViewController.swift */,
				F8A40F4A1EF700F000A16FD1 /* Main.storyboard */,
				F8A40F4D1EF700F000A16FD1 /* Assets.xcassets */,
				F8A40F4F1EF700F000A16FD1 /* LaunchScreen.storyboard */,
				F8A40F521EF700F000A16FD1 /* Info.plist */,
			);
			path = JackTheGiant;
			sourceTree = "<group>";
		};
		F8A40F5A1EF700F000A16FD1 /* JackTheGiantTests */ = {
			isa = PBXGroup;
			children = (
				F8A40F5B1EF700F000A16FD1 /* JackTheGiantTests.swift */,
				F8A40F5D1EF700F000A16FD1 /* Info.plist */,
			);
			path = JackTheGiantTests;
			sourceTree = "<group>";
		};
		F8A40F651EF700F000A16FD1 /* JackTheGiantUITests */ = {
			isa = PBXGroup;
			children = (
				F8A40F661EF700F000A16FD1 /* JackTheGiantUITests.swift */,
				F8A40F681EF700F000A16FD1 /* Info.plist */,
			);
			path = JackTheGiantUITests;
			sourceTree = "<group>";
		};
		F8A40F741EF7019D00A16FD1 /* Assets */ = {
			isa = PBXGroup;
			children = (
				F8A40F751EF7020200A16FD1 /* 1 - Pause Panel And Buttons */,
				F8A40F7A1EF7020200A16FD1 /* 2 - Collectables */,
				F8A40FF01EF73C0900A16FD1 /* 3 - Player */,
				F8A40F7D1EF7020200A16FD1 /* 4 - Clouds */,
				F8A40F821EF7020200A16FD1 /* 5 - Fonts */,
				F8A40F841EF7020200A16FD1 /* 6 - Music */,
				F8A40F891EF7020200A16FD1 /* 7 - Backgrounds */,
				F8A40F8E1EF7020200A16FD1 /* 8 - Buttons */,
				F8A40FC81EF7259C00A16FD1 /* Player.atlas */,
			);
			name = Assets;
			sourceTree = "<group>";
		};
		F8A40F751EF7020200A16FD1 /* 1 - Pause Panel And Buttons */ = {
			isa = PBXGroup;
			children = (
				F8A40F761EF7020200A16FD1 /* Pause Menu.png */,
				F8A40F771EF7020200A16FD1 /* Quit Button 2.png */,
				F8A40F781EF7020200A16FD1 /* Resume Button.png */,
				F8A40F791EF7020200A16FD1 /* Show Score.png */,
			);
			path = "1 - Pause Panel And Buttons";
			sourceTree = "<group>";
		};
		F8A40F7A1EF7020200A16FD1 /* 2 - Collectables */ = {
			isa = PBXGroup;
			children = (
				F8A40F7B1EF7020200A16FD1 /* Coin.png */,
				F8A40F7C1EF7020200A16FD1 /* Life.png */,
			);
			path = "2 - Collectables";
			sourceTree = "<group>";
		};
		F8A40F7D1EF7020200A16FD1 /* 4 - Clouds */ = {
			isa = PBXGroup;
			children = (
				F8A40F7E1EF7020200A16FD1 /* Cloud 1.png */,
				F8A40F7F1EF7020200A16FD1 /* Cloud 2.png */,
				F8A40F801EF7020200A16FD1 /* Cloud 3.png */,
				F8A40F811EF7020200A16FD1 /* Dark Cloud.png */,
			);
			path = "4 - Clouds";
			sourceTree = "<group>";
		};
		F8A40F821EF7020200A16FD1 /* 5 - Fonts */ = {
			isa = PBXGroup;
			children = (
				F8A40F831EF7020200A16FD1 /* blow.ttf */,
			);
			path = "5 - Fonts";
			sourceTree = "<group>";
		};
		F8A40F841EF7020200A16FD1 /* 6 - Music */ = {
			isa = PBXGroup;
			children = (
				F8A40F851EF7020200A16FD1 /* Background music.mp3 */,
				F8A40F861EF7020200A16FD1 /* Click Sound.wav */,
				F8A40F871EF7020200A16FD1 /* Coin Sound.wav */,
				F8A40F881EF7020200A16FD1 /* Life Sound.wav */,
			);
			path = "6 - Music";
			sourceTree = "<group>";
		};
		F8A40F891EF7020200A16FD1 /* 7 - Backgrounds */ = {
			isa = PBXGroup;
			children = (
				F8A40F8A1EF7020200A16FD1 /* Game BG.png */,
				F8A40F8B1EF7020200A16FD1 /* Highscore BG.png */,
				F8A40F8C1EF7020200A16FD1 /* Menu BG.png */,
				F8A40F8D1EF7020200A16FD1 /* Options BG.png */,
			);
			path = "7 - Backgrounds";
			sourceTree = "<group>";
		};
		F8A40F8E1EF7020200A16FD1 /* 8 - Buttons */ = {
			isa = PBXGroup;
			children = (
				F8A40F8F1EF7020200A16FD1 /* 1 - Gameplay Buttons */,
				F8A40F931EF7020200A16FD1 /* 2 - Options Buttons */,
				F8A40F991EF7020200A16FD1 /* 3 - Main Menu Buttons */,
			);
			path = "8 - Buttons";
			sourceTree = "<group>";
		};
		F8A40F8F1EF7020200A16FD1 /* 1 - Gameplay Buttons */ = {
			isa = PBXGroup;
			children = (
				F8A40F901EF7020200A16FD1 /* Pause Button.png */,
				F8A40F911EF7020200A16FD1 /* Ready.png */,
				F8A40F921EF7020200A16FD1 /* Score.png */,
			);
			path = "1 - Gameplay Buttons";
			sourceTree = "<group>";
		};
		F8A40F931EF7020200A16FD1 /* 2 - Options Buttons */ = {
			isa = PBXGroup;
			children = (
				F8A40F941EF7020200A16FD1 /* Back Button.png */,
				F8A40F951EF7020200A16FD1 /* Check Sign.png */,
				F8A40F961EF7020200A16FD1 /* Easy Button.png */,
				F8A40F971EF7020200A16FD1 /* Hard Button.png */,
				F8A40F981EF7020200A16FD1 /* Medium Button.png */,
			);
			path = "2 - Options Buttons";
			sourceTree = "<group>";
		};
		F8A40F991EF7020200A16FD1 /* 3 - Main Menu Buttons */ = {
			isa = PBXGroup;
			children = (
				F8A40F9A1EF7020200A16FD1 /* Highscore Button.png */,
				F8A40F9B1EF7020200A16FD1 /* Music Off Button.png */,
				F8A40F9C1EF7020200A16FD1 /* Music On Button.png */,
				F8A40F9D1EF7020200A16FD1 /* Options Button.png */,
				F8A40F9E1EF7020200A16FD1 /* Quit Button.png */,
				F8A40F9F1EF7020200A16FD1 /* Start Game Button.png */,
			);
			path = "3 - Main Menu Buttons";
			sourceTree = "<group>";
		};
		F8A40FC11EF702A100A16FD1 /* Scenes */ = {
			isa = PBXGroup;
			children = (
			);
			name = Scenes;
			sourceTree = "<group>";
		};
		F8A40FC41EF7246400A16FD1 /* Game Classes */ = {
			isa = PBXGroup;
			children = (
				F8A40FCA1EF72FED00A16FD1 /* Player Classes */,
				F8A40FC51EF7248100A16FD1 /* Scene Classes */,
			);
			name = "Game Classes";
			sourceTree = "<group>";
		};
		F8A40FC51EF7248100A16FD1 /* Scene Classes */ = {
			isa = PBXGroup;
			children = (
				F8A40FC61EF724C500A16FD1 /* GameplayScene.swift */,
			);
			name = "Scene Classes";
			sourceTree = "<group>";
		};
		F8A40FCA1EF72FED00A16FD1 /* Player Classes */ = {
			isa = PBXGroup;
			children = (
				F8A40FCB1EF7300400A16FD1 /* Player.swift */,
			);
			name = "Player Classes";
			sourceTree = "<group>";
		};
		F8A40FF01EF73C0900A16FD1 /* 3 - Player */ = {
			isa = PBXGroup;
			children = (
				F8A40FE01EF73BFB00A16FD1 /* Player 1.png */,
				F8A40FE11EF73BFC00A16FD1 /* Player 2.png */,
				F8A40FE21EF73BFC00A16FD1 /* Player 3.png */,
				F8A40FE31EF73BFC00A16FD1 /* Player 4.png */,
				F8A40FE41EF73BFC00A16FD1 /* Player 5.png */,
				F8A40FE51EF73BFC00A16FD1 /* Player 6.png */,
				F8A40FE61EF73BFC00A16FD1 /* Player 7.png */,
				F8A40FE71EF73BFC00A16FD1 /* Player 8.png */,
			);
			name = "3 - Player";
			sourceTree = "<group>";
		};
/* End PBXGroup section */

/* Begin PBXNativeTarget section */
		F8A40F3C1EF700F000A16FD1 /* JackTheGiant */ = {
			isa = PBXNativeTarget;
			buildConfigurationList = F8A40F6B1EF700F000A16FD1 /* Build configuration list for PBXNativeTarget "JackTheGiant" */;
			buildPhases = (
				F8A40F391EF700F000A16FD1 /* Sources */,
				F8A40F3A1EF700F000A16FD1 /* Frameworks */,
				F8A40F3B1EF700F000A16FD1 /* Resources */,
			);
			buildRules = (
			);
			dependencies = (
			);
			name = JackTheGiant;
			productName = JackTheGiant;
			productReference = F8A40F3D1EF700F000A16FD1 /* JackTheGiant.app */;
			productType = "com.apple.product-type.application";
		};
		F8A40F561EF700F000A16FD1 /* JackTheGiantTests */ = {
			isa = PBXNativeTarget;
			buildConfigurationList = F8A40F6E1EF700F000A16FD1 /* Build configuration list for PBXNativeTarget "JackTheGiantTests" */;
			buildPhases = (
				F8A40F531EF700F000A16FD1 /* Sources */,
				F8A40F541EF700F000A16FD1 /* Frameworks */,
				F8A40F551EF700F000A16FD1 /* Resources */,
			);
			buildRules = (
			);
			dependencies = (
				F8A40F591EF700F000A16FD1 /* PBXTargetDependency */,
			);
			name = JackTheGiantTests;
			productName = JackTheGiantTests;
			productReference = F8A40F571EF700F000A16FD1 /* JackTheGiantTests.xctest */;
			productType = "com.apple.product-type.bundle.unit-test";
		};
		F8A40F611EF700F000A16FD1 /* JackTheGiantUITests */ = {
			isa = PBXNativeTarget;
			buildConfigurationList = F8A40F711EF700F000A16FD1 /* Build configuration list for PBXNativeTarget "JackTheGiantUITests" */;
			buildPhases = (
				F8A40F5E1EF700F000A16FD1 /* Sources */,
				F8A40F5F1EF700F000A16FD1 /* Frameworks */,
				F8A40F601EF700F000A16FD1 /* Resources */,
			);
			buildRules = (
			);
			dependencies = (
				F8A40F641EF700F000A16FD1 /* PBXTargetDependency */,
			);
			name = JackTheGiantUITests;
			productName = JackTheGiantUITests;
			productReference = F8A40F621EF700F000A16FD1 /* JackTheGiantUITests.xctest */;
			productType = "com.apple.product-type.bundle.ui-testing";
		};
/* End PBXNativeTarget section */

/* Begin PBXProject section */
		F8A40F351EF700F000A16FD1 /* Project object */ = {
			isa = PBXProject;
			attributes = {
				LastSwiftUpdateCheck = 0820;
				LastUpgradeCheck = 0820;
				ORGANIZATIONNAME = "Dylan Cunningham";
				TargetAttributes = {
					F8A40F3C1EF700F000A16FD1 = {
						CreatedOnToolsVersion = 8.2.1;
						DevelopmentTeam = 44W8CW6ZH9;
						ProvisioningStyle = Automatic;
					};
					F8A40F561EF700F000A16FD1 = {
						CreatedOnToolsVersion = 8.2.1;
						DevelopmentTeam = 44W8CW6ZH9;
						ProvisioningStyle = Automatic;
						TestTargetID = F8A40F3C1EF700F000A16FD1;
					};
					F8A40F611EF700F000A16FD1 = {
						CreatedOnToolsVersion = 8.2.1;
						DevelopmentTeam = 44W8CW6ZH9;
						ProvisioningStyle = Automatic;
						TestTargetID = F8A40F3C1EF700F000A16FD1;
					};
				};
			};
			buildConfigurationList = F8A40F381EF700F000A16FD1 /* Build configuration list for PBXProject "JackTheGiant" */;
			compatibilityVersion = "Xcode 3.2";
			developmentRegion = English;
			hasScannedForEncodings = 0;
			knownRegions = (
				en,
				Base,
			);
			mainGroup = F8A40F341EF700F000A16FD1;
			productRefGroup = F8A40F3E1EF700F000A16FD1 /* Products */;
			projectDirPath = "";
			projectRoot = "";
			targets = (
				F8A40F3C1EF700F000A16FD1 /* JackTheGiant */,
				F8A40F561EF700F000A16FD1 /* JackTheGiantTests */,
				F8A40F611EF700F000A16FD1 /* JackTheGiantUITests */,
			);
		};
/* End PBXProject section */

/* Begin PBXResourcesBuildPhase section */
		F8A40F3B1EF700F000A16FD1 /* Resources */ = {
			isa = PBXResourcesBuildPhase;
			buildActionMask = 2147483647;
			files = (
				F8A40FEB1EF73BFC00A16FD1 /* Player 4.png in Resources */,
				F8A40FC01EF7020300A16FD1 /* Start Game Button.png in Resources */,
				F8A40FA01EF7020200A16FD1 /* Pause Menu.png in Resources */,
				F8A40FE91EF73BFC00A16FD1 /* Player 2.png in Resources */,
				F8A40FBA1EF7020300A16FD1 /* Medium Button.png in Resources */,
				F8A40FA21EF7020200A16FD1 /* Resume Button.png in Resources */,
				F8A40FB81EF7020300A16FD1 /* Easy Button.png in Resources */,
				F8A40FA41EF7020300A16FD1 /* Coin.png in Resources */,
				F8A40FBF1EF7020300A16FD1 /* Quit Button.png in Resources */,
				F8A40FAF1EF7020300A16FD1 /* Game BG.png in Resources */,
				F8A40FA11EF7020200A16FD1 /* Quit Button 2.png in Resources */,
				F8A40FA91EF7020300A16FD1 /* Dark Cloud.png in Resources */,
				F8A40FB51EF7020300A16FD1 /* Score.png in Resources */,
				F8A40FB71EF7020300A16FD1 /* Check Sign.png in Resources */,
				F8A40FC91EF7259C00A16FD1 /* Player.atlas in Resources */,
				F8A40FA81EF7020300A16FD1 /* Cloud 3.png in Resources */,
				F8A40FA51EF7020300A16FD1 /* Life.png in Resources */,
				F8A40FEC1EF73BFC00A16FD1 /* Player 5.png in Resources */,
				F8A40FAB1EF7020300A16FD1 /* Background music.mp3 in Resources */,
				F8A40FBE1EF7020300A16FD1 /* Options Button.png in Resources */,
				F8A40FEF1EF73BFC00A16FD1 /* Player 8.png in Resources */,
				F8A40FB41EF7020300A16FD1 /* Ready.png in Resources */,
				F8A40FAC1EF7020300A16FD1 /* Click Sound.wav in Resources */,
				F8A40FE81EF73BFC00A16FD1 /* Player 1.png in Resources */,
				F8A40FA31EF7020200A16FD1 /* Show Score.png in Resources */,
				F8A40FAA1EF7020300A16FD1 /* blow.ttf in Resources */,
				F8A40FAE1EF7020300A16FD1 /* Life Sound.wav in Resources */,
				F8A40F4C1EF700F000A16FD1 /* Main.storyboard in Resources */,
				F8A40FC31EF702CF00A16FD1 /* GameplayScene.sks in Resources */,
				F8A40FED1EF73BFC00A16FD1 /* Player 6.png in Resources */,
				F8A40FA71EF7020300A16FD1 /* Cloud 2.png in Resources */,
				F8A40FB11EF7020300A16FD1 /* Menu BG.png in Resources */,
				F8A40FBD1EF7020300A16FD1 /* Music On Button.png in Resources */,
				F8A40F431EF700F000A16FD1 /* GameScene.sks in Resources */,
				F8A40FB01EF7020300A16FD1 /* Highscore BG.png in Resources */,
				F8A40FEE1EF73BFC00A16FD1 /* Player 7.png in Resources */,
				F8A40FEA1EF73BFC00A16FD1 /* Player 3.png in Resources */,
				F8A40F4E1EF700F000A16FD1 /* Assets.xcassets in Resources */,
				F8A40FB91EF7020300A16FD1 /* Hard Button.png in Resources */,
				F8A40FBC1EF7020300A16FD1 /* Music Off Button.png in Resources */,
				F8A40FAD1EF7020300A16FD1 /* Coin Sound.wav in Resources */,
				F8A40F511EF700F000A16FD1 /* LaunchScreen.storyboard in Resources */,
				F8A40FA61EF7020300A16FD1 /* Cloud 1.png in Resources */,
				F8A40FB21EF7020300A16FD1 /* Options BG.png in Resources */,
				F8A40FB31EF7020300A16FD1 /* Pause Button.png in Resources */,
				F8A40F451EF700F000A16FD1 /* Actions.sks in Resources */,
				F8A40FBB1EF7020300A16FD1 /* Highscore Button.png in Resources */,
				F8A40FB61EF7020300A16FD1 /* Back Button.png in Resources */,
			);
			runOnlyForDeploymentPostprocessing = 0;
		};
		F8A40F551EF700F000A16FD1 /* Resources */ = {
			isa = PBXResourcesBuildPhase;
			buildActionMask = 2147483647;
			files = (
			);
			runOnlyForDeploymentPostprocessing = 0;
		};
		F8A40F601EF700F000A16FD1 /* Resources */ = {
			isa = PBXResourcesBuildPhase;
			buildActionMask = 2147483647;
			files = (
			);
			runOnlyForDeploymentPostprocessing = 0;
		};
/* End PBXResourcesBuildPhase section */

/* Begin PBXSourcesBuildPhase section */
		F8A40F391EF700F000A16FD1 /* Sources */ = {
			isa = PBXSourcesBuildPhase;
			buildActionMask = 2147483647;
			files = (
				F8A40FC71EF724C500A16FD1 /* GameplayScene.swift in Sources */,
				F8A40F471EF700F000A16FD1 /* GameScene.swift in Sources */,
				F8A40F491EF700F000A16FD1 /* GameViewController.swift in Sources */,
				F8A40FCC1EF7300400A16FD1 /* Player.swift in Sources */,
				F8A40F411EF700F000A16FD1 /* AppDelegate.swift in Sources */,
			);
			runOnlyForDeploymentPostprocessing = 0;
		};
		F8A40F531EF700F000A16FD1 /* Sources */ = {
			isa = PBXSourcesBuildPhase;
			buildActionMask = 2147483647;
			files = (
				F8A40F5C1EF700F000A16FD1 /* JackTheGiantTests.swift in Sources */,
			);
			runOnlyForDeploymentPostprocessing = 0;
		};
		F8A40F5E1EF700F000A16FD1 /* Sources */ = {
			isa = PBXSourcesBuildPhase;
			buildActionMask = 2147483647;
			files = (
				F8A40F671EF700F000A16FD1 /* JackTheGiantUITests.swift in Sources */,
			);
			runOnlyForDeploymentPostprocessing = 0;
		};
/* End PBXSourcesBuildPhase section */

/* Begin PBXTargetDependency section */
		F8A40F591EF700F000A16FD1 /* PBXTargetDependency */ = {
			isa = PBXTargetDependency;
			target = F8A40F3C1EF700F000A16FD1 /* JackTheGiant */;
			targetProxy = F8A40F581EF700F000A16FD1 /* PBXContainerItemProxy */;
		};
		F8A40F641EF700F000A16FD1 /* PBXTargetDependency */ = {
			isa = PBXTargetDependency;
			target = F8A40F3C1EF700F000A16FD1 /* JackTheGiant */;
			targetProxy = F8A40F631EF700F000A16FD1 /* PBXContainerItemProxy */;
		};
/* End PBXTargetDependency section */

/* Begin PBXVariantGroup section */
		F8A40F4A1EF700F000A16FD1 /* Main.storyboard */ = {
			isa = PBXVariantGroup;
			children = (
				F8A40F4B1EF700F000A16FD1 /* Base */,
			);
			name = Main.storyboard;
			sourceTree = "<group>";
		};
		F8A40F4F1EF700F000A16FD1 /* LaunchScreen.storyboard */ = {
			isa = PBXVariantGroup;
			children = (
				F8A40F501EF700F000A16FD1 /* Base */,
			);
			name = LaunchScreen.storyboard;
			sourceTree = "<group>";
		};
/* End PBXVariantGroup section */

/* Begin XCBuildConfiguration section */
		F8A40F691EF700F000A16FD1 /* Debug */ = {
			isa = XCBuildConfiguration;
			buildSettings = {
				ALWAYS_SEARCH_USER_PATHS = NO;
				CLANG_ANALYZER_NONNULL = YES;
				CLANG_CXX_LANGUAGE_STANDARD = "gnu++0x";
				CLANG_CXX_LIBRARY = "libc++";
				CLANG_ENABLE_MODULES = YES;
				CLANG_ENABLE_OBJC_ARC = YES;
				CLANG_WARN_BOOL_CONVERSION = YES;
				CLANG_WARN_CONSTANT_CONVERSION = YES;
				CLANG_WARN_DIRECT_OBJC_ISA_USAGE = YES_ERROR;
				CLANG_WARN_DOCUMENTATION_COMMENTS = YES;
				CLANG_WARN_EMPTY_BODY = YES;
				CLANG_WARN_ENUM_CONVERSION = YES;
				CLANG_WARN_INFINITE_RECURSION = YES;
				CLANG_WARN_INT_CONVERSION = YES;
				CLANG_WARN_OBJC_ROOT_CLASS = YES_ERROR;
				CLANG_WARN_SUSPICIOUS_MOVE = YES;
				CLANG_WARN_UNREACHABLE_CODE = YES;
				CLANG_WARN__DUPLICATE_METHOD_MATCH = YES;
				"CODE_SIGN_IDENTITY[sdk=iphoneos*]" = "iPhone Developer";
				COPY_PHASE_STRIP = NO;
				DEBUG_INFORMATION_FORMAT = dwarf;
				ENABLE_STRICT_OBJC_MSGSEND = YES;
				ENABLE_TESTABILITY = YES;
				GCC_C_LANGUAGE_STANDARD = gnu99;
				GCC_DYNAMIC_NO_PIC = NO;
				GCC_NO_COMMON_BLOCKS = YES;
				GCC_OPTIMIZATION_LEVEL = 0;
				GCC_PREPROCESSOR_DEFINITIONS = (
					"DEBUG=1",
					"$(inherited)",
				);
				GCC_WARN_64_TO_32_BIT_CONVERSION = YES;
				GCC_WARN_ABOUT_RETURN_TYPE = YES_ERROR;
				GCC_WARN_UNDECLARED_SELECTOR = YES;
				GCC_WARN_UNINITIALIZED_AUTOS = YES_AGGRESSIVE;
				GCC_WARN_UNUSED_FUNCTION = YES;
				GCC_WARN_UNUSED_VARIABLE = YES;
				IPHONEOS_DEPLOYMENT_TARGET = 10.2;
				MTL_ENABLE_DEBUG_INFO = YES;
				ONLY_ACTIVE_ARCH = YES;
				SDKROOT = iphoneos;
				SWIFT_ACTIVE_COMPILATION_CONDITIONS = DEBUG;
				SWIFT_OPTIMIZATION_LEVEL = "-Onone";
			};
			name = Debug;
		};
		F8A40F6A1EF700F000A16FD1 /* Release */ = {
			isa = XCBuildConfiguration;
			buildSettings = {
				ALWAYS_SEARCH_USER_PATHS = NO;
				CLANG_ANALYZER_NONNULL = YES;
				CLANG_CXX_LANGUAGE_STANDARD = "gnu++0x";
				CLANG_CXX_LIBRARY = "libc++";
				CLANG_ENABLE_MODULES = YES;
				CLANG_ENABLE_OBJC_ARC = YES;
				CLANG_WARN_BOOL_CONVERSION = YES;
				CLANG_WARN_CONSTANT_CONVERSION = YES;
				CLANG_WARN_DIRECT_OBJC_ISA_USAGE = YES_ERROR;
				CLANG_WARN_DOCUMENTATION_COMMENTS = YES;
				CLANG_WARN_EMPTY_BODY = YES;
				CLANG_WARN_ENUM_CONVERSION = YES;
				CLANG_WARN_INFINITE_RECURSION = YES;
				CLANG_WARN_INT_CONVERSION = YES;
				CLANG_WARN_OBJC_ROOT_CLASS = YES_ERROR;
				CLANG_WARN_SUSPICIOUS_MOVE = YES;
				CLANG_WARN_UNREACHABLE_CODE = YES;
				CLANG_WARN__DUPLICATE_METHOD_MATCH = YES;
				"CODE_SIGN_IDENTITY[sdk=iphoneos*]" = "iPhone Developer";
				COPY_PHASE_STRIP = NO;
				DEBUG_INFORMATION_FORMAT = "dwarf-with-dsym";
				ENABLE_NS_ASSERTIONS = NO;
				ENABLE_STRICT_OBJC_MSGSEND = YES;
				GCC_C_LANGUAGE_STANDARD = gnu99;
				GCC_NO_COMMON_BLOCKS = YES;
				GCC_WARN_64_TO_32_BIT_CONVERSION = YES;
				GCC_WARN_ABOUT_RETURN_TYPE = YES_ERROR;
				GCC_WARN_UNDECLARED_SELECTOR = YES;
				GCC_WARN_UNINITIALIZED_AUTOS = YES_AGGRESSIVE;
				GCC_WARN_UNUSED_FUNCTION = YES;
				GCC_WARN_UNUSED_VARIABLE = YES;
				IPHONEOS_DEPLOYMENT_TARGET = 10.2;
				MTL_ENABLE_DEBUG_INFO = NO;
				SDKROOT = iphoneos;
				SWIFT_OPTIMIZATION_LEVEL = "-Owholemodule";
				VALIDATE_PRODUCT = YES;
			};
			name = Release;
		};
		F8A40F6C1EF700F000A16FD1 /* Debug */ = {
			isa = XCBuildConfiguration;
			buildSettings = {
				ASSETCATALOG_COMPILER_APPICON_NAME = AppIcon;
				DEVELOPMENT_TEAM = 44W8CW6ZH9;
				INFOPLIST_FILE = JackTheGiant/Info.plist;
				LD_RUNPATH_SEARCH_PATHS = "$(inherited) @executable_path/Frameworks";
				PRODUCT_BUNDLE_IDENTIFIER = com.wordpress.dylancunningham.JackTheGiant;
				PRODUCT_NAME = "$(TARGET_NAME)";
				SWIFT_VERSION = 3.0;
			};
			name = Debug;
		};
		F8A40F6D1EF700F000A16FD1 /* Release */ = {
			isa = XCBuildConfiguration;
			buildSettings = {
				ASSETCATALOG_COMPILER_APPICON_NAME = AppIcon;
				DEVELOPMENT_TEAM = 44W8CW6ZH9;
				INFOPLIST_FILE = JackTheGiant/Info.plist;
				LD_RUNPATH_SEARCH_PATHS = "$(inherited) @executable_path/Frameworks";
				PRODUCT_BUNDLE_IDENTIFIER = com.wordpress.dylancunningham.JackTheGiant;
				PRODUCT_NAME = "$(TARGET_NAME)";
				SWIFT_VERSION = 3.0;
			};
			name = Release;
		};
		F8A40F6F1EF700F000A16FD1 /* Debug */ = {
			isa = XCBuildConfiguration;
			buildSettings = {
				ALWAYS_EMBED_SWIFT_STANDARD_LIBRARIES = YES;
				BUNDLE_LOADER = "$(TEST_HOST)";
				DEVELOPMENT_TEAM = 44W8CW6ZH9;
				INFOPLIST_FILE = JackTheGiantTests/Info.plist;
				LD_RUNPATH_SEARCH_PATHS = "$(inherited) @executable_path/Frameworks @loader_path/Frameworks";
				PRODUCT_BUNDLE_IDENTIFIER = com.wordpress.dylancunningham.JackTheGiantTests;
				PRODUCT_NAME = "$(TARGET_NAME)";
				SWIFT_VERSION = 3.0;
				TEST_HOST = "$(BUILT_PRODUCTS_DIR)/JackTheGiant.app/JackTheGiant";
			};
			name = Debug;
		};
		F8A40F701EF700F000A16FD1 /* Release */ = {
			isa = XCBuildConfiguration;
			buildSettings = {
				ALWAYS_EMBED_SWIFT_STANDARD_LIBRARIES = YES;
				BUNDLE_LOADER = "$(TEST_HOST)";
				DEVELOPMENT_TEAM = 44W8CW6ZH9;
				INFOPLIST_FILE = JackTheGiantTests/Info.plist;
				LD_RUNPATH_SEARCH_PATHS = "$(inherited) @executable_path/Frameworks @loader_path/Frameworks";
				PRODUCT_BUNDLE_IDENTIFIER = com.wordpress.dylancunningham.JackTheGiantTests;
				PRODUCT_NAME = "$(TARGET_NAME)";
				SWIFT_VERSION = 3.0;
				TEST_HOST = "$(BUILT_PRODUCTS_DIR)/JackTheGiant.app/JackTheGiant";
			};
			name = Release;
		};
		F8A40F721EF700F000A16FD1 /* Debug */ = {
			isa = XCBuildConfiguration;
			buildSettings = {
				ALWAYS_EMBED_SWIFT_STANDARD_LIBRARIES = YES;
				DEVELOPMENT_TEAM = 44W8CW6ZH9;
				INFOPLIST_FILE = JackTheGiantUITests/Info.plist;
				LD_RUNPATH_SEARCH_PATHS = "$(inherited) @executable_path/Frameworks @loader_path/Frameworks";
				PRODUCT_BUNDLE_IDENTIFIER = com.wordpress.dylancunningham.JackTheGiantUITests;
				PRODUCT_NAME = "$(TARGET_NAME)";
				SWIFT_VERSION = 3.0;
				TEST_TARGET_NAME = JackTheGiant;
			};
			name = Debug;
		};
		F8A40F731EF700F000A16FD1 /* Release */ = {
			isa = XCBuildConfiguration;
			buildSettings = {
				ALWAYS_EMBED_SWIFT_STANDARD_LIBRARIES = YES;
				DEVELOPMENT_TEAM = 44W8CW6ZH9;
				INFOPLIST_FILE = JackTheGiantUITests/Info.plist;
				LD_RUNPATH_SEARCH_PATHS = "$(inherited) @executable_path/Frameworks @loader_path/Frameworks";
				PRODUCT_BUNDLE_IDENTIFIER = com.wordpress.dylancunningham.JackTheGiantUITests;
				PRODUCT_NAME = "$(TARGET_NAME)";
				SWIFT_VERSION = 3.0;
				TEST_TARGET_NAME = JackTheGiant;
			};
			name = Release;
		};
/* End XCBuildConfiguration section */

/* Begin XCConfigurationList section */
		F8A40F381EF700F000A16FD1 /* Build configuration list for PBXProject "JackTheGiant" */ = {
			isa = XCConfigurationList;
			buildConfigurations = (
				F8A40F691EF700F000A16FD1 /* Debug */,
				F8A40F6A1EF700F000A16FD1 /* Release */,
			);
			defaultConfigurationIsVisible = 0;
			defaultConfigurationName = Release;
		};
		F8A40F6B1EF700F000A16FD1 /* Build configuration list for PBXNativeTarget "JackTheGiant" */ = {
			isa = XCConfigurationList;
			buildConfigurations = (
				F8A40F6C1EF700F000A16FD1 /* Debug */,
				F8A40F6D1EF700F000A16FD1 /* Release */,
			);
			defaultConfigurationIsVisible = 0;
		};
		F8A40F6E1EF700F000A16FD1 /* Build configuration list for PBXNativeTarget "JackTheGiantTests" */ = {
			isa = XCConfigurationList;
			buildConfigurations = (
				F8A40F6F1EF700F000A16FD1 /* Debug */,
				F8A40F701EF700F000A16FD1 /* Release */,
			);
			defaultConfigurationIsVisible = 0;
		};
		F8A40F711EF700F000A16FD1 /* Build configuration list for PBXNativeTarget "JackTheGiantUITests" */ = {
			isa = XCConfigurationList;
			buildConfigurations = (
				F8A40F721EF700F000A16FD1 /* Debug */,
				F8A40F731EF700F000A16FD1 /* Release */,
			);
			defaultConfigurationIsVisible = 0;
		};
/* End XCConfigurationList section */
	};
	rootObject = F8A40F351EF700F000A16FD1 /* Project object */;
}
